
Microsoft Visual Studio Solution File, Format Version 12.00
# Visual Studio Version 17
VisualStudioVersion = 17.3.32929.385
MinimumVisualStudioVersion = 10.0.40219.1
Project("{FAE04EC0-301F-11D3-BF4B-00C04F79EFBC}") = "AplicatieProiect", "AplicatieProiect.csproj", "{71219896-E4B4-48A0-AB90-4C748C8922CC}"
EndProject
Global
	GlobalSection(SolutionConfigurationPlatforms) = preSolution
		Debug|Any CPU = Debug|Any CPU
		Release|Any CPU = Release|Any CPU
	EndGlobalSection
	GlobalSection(ProjectConfigurationPlatforms) = postSolution
		{71219896-E4B4-48A0-AB90-4C748C8922CC}.Debug|Any CPU.ActiveCfg = Debug|Any CPU
		{71219896-E4B4-48A0-AB90-4C748C8922CC}.Debug|Any CPU.Build.0 = Debug|Any CPU
		{71219896-E4B4-48A0-AB90-4C748C8922CC}.Release|Any CPU.ActiveCfg = Release|Any CPU
		{71219896-E4B4-48A0-AB90-4C748C8922CC}.Release|Any CPU.Build.0 = Release|Any CPU
	EndGlobalSection
	GlobalSection(SolutionProperties) = preSolution
		HideSolutionNode = FALSE
	EndGlobalSection
	GlobalSection(ExtensibilityGlobals) = postSolution
		SolutionGuid = {DC7578DA-9754-4478-8C2F-D2B80C0E3093}
	EndGlobalSection
EndGlobal
